
Microsoft Visual Studio Solution File, Format Version 12.00
# Visual Studio Version 17
VisualStudioVersion = 17.3.32825.248
MinimumVisualStudioVersion = 10.0.40219.1
Project("{FAE04EC0-301F-11D3-BF4B-00C04F79EFBC}") = "DCI.HRMS", "DCI.HRMS\DCI.HRMS.csproj", "{649218F0-6C2E-4772-9FFA-191E16104A2E}"
EndProject
Project("{FAE04EC0-301F-11D3-BF4B-00C04F79EFBC}") = "DCI.Security.Model", "DCI.Security.Model\DCI.Security.Model.csproj", "{021185AD-246F-484A-8E24-81284351AE18}"
EndProject
Project("{FAE04EC0-301F-11D3-BF4B-00C04F79EFBC}") = "DCI.Security.Persistence", "DCI.Security.Persistence\DCI.Security.Persistence.csproj", "{2A67853A-8FDA-4F0C-8AD2-4346C4A3F240}"
EndProject
Project("{FAE04EC0-301F-11D3-BF4B-00C04F79EFBC}") = "DCI.Security.Service", "DCI.Security.Service\DCI.Security.Service.csproj", "{A95B10C6-902C-438C-9BF0-577DFC603A94}"
EndProject
Project("{FAE04EC0-301F-11D3-BF4B-00C04F79EFBC}") = "PCUOnline.Cryptography", "PCUOnline.Cryptography\PCUOnline.Cryptography\PCUOnline.Cryptography.csproj", "{3BBA5E25-B0DE-4FE1-B2F1-712F5F51F9AF}"
EndProject
Project("{FAE04EC0-301F-11D3-BF4B-00C04F79EFBC}") = "PCUOnline.Dao", "PCUOnline.Dao\PCUOnline.Dao.csproj", "{6751A989-DCA8-4839-977C-53C55149AB17}"
EndProject
Project("{FAE04EC0-301F-11D3-BF4B-00C04F79EFBC}") = "DCIBizPro.Util", "DCIBizPro.Util\DCIBizPro.Util.csproj", "{C17E4DEC-FF69-4562-BF5F-D5D951648340}"
EndProject
Project("{FAE04EC0-301F-11D3-BF4B-00C04F79EFBC}") = "DCI.HRMS.Model", "DCI.HRMS.Model\DCI.HRMS.Model.csproj", "{924900BE-DC4F-4435-B868-03FAB0956D27}"
EndProject
Project("{FAE04EC0-301F-11D3-BF4B-00C04F79EFBC}") = "DCI.HRMS.Service", "DCI.HRMS.Service\DCI.HRMS.Service.csproj", "{6506676C-A172-475E-8A46-54BCA23F4941}"
EndProject
Project("{FAE04EC0-301F-11D3-BF4B-00C04F79EFBC}") = "DCI.HRMS.Persistence", "DCI.HRMS.Persistence\DCI.HRMS.Persistence.csproj", "{9DAB15F1-181D-4F65-9153-E691A5D1E5C0}"
EndProject
Project("{54435603-DBB4-11D2-8724-00A0C9A8B90C}") = "HRMS", "HRMS\HRMS.vdproj", "{B7F58647-E35E-40B4-938B-C6634248FB9F}"
EndProject
Global
	GlobalSection(SolutionConfigurationPlatforms) = preSolution
		Debug|.NET = Debug|.NET
		Debug|Any CPU = Debug|Any CPU
		Debug|Mixed Platforms = Debug|Mixed Platforms
		Release|.NET = Release|.NET
		Release|Any CPU = Release|Any CPU
		Release|Mixed Platforms = Release|Mixed Platforms
	EndGlobalSection
	GlobalSection(ProjectConfigurationPlatforms) = postSolution
		{649218F0-6C2E-4772-9FFA-191E16104A2E}.Debug|.NET.ActiveCfg = Debug|Any CPU
		{649218F0-6C2E-4772-9FFA-191E16104A2E}.Debug|Any CPU.ActiveCfg = Debug|Any CPU
		{649218F0-6C2E-4772-9FFA-191E16104A2E}.Debug|Any CPU.Build.0 = Debug|Any CPU
		{649218F0-6C2E-4772-9FFA-191E16104A2E}.Debug|Mixed Platforms.ActiveCfg = Debug|Any CPU
		{649218F0-6C2E-4772-9FFA-191E16104A2E}.Debug|Mixed Platforms.Build.0 = Debug|Any CPU
		{649218F0-6C2E-4772-9FFA-191E16104A2E}.Release|.NET.ActiveCfg = Release|Any CPU
		{649218F0-6C2E-4772-9FFA-191E16104A2E}.Release|Any CPU.ActiveCfg = Release|Any CPU
		{649218F0-6C2E-4772-9FFA-191E16104A2E}.Release|Any CPU.Build.0 = Release|Any CPU
		{649218F0-6C2E-4772-9FFA-191E16104A2E}.Release|Mixed Platforms.ActiveCfg = Release|Any CPU
		{649218F0-6C2E-4772-9FFA-191E16104A2E}.Release|Mixed Platforms.Build.0 = Release|Any CPU
		{021185AD-246F-484A-8E24-81284351AE18}.Debug|.NET.ActiveCfg = Debug|Any CPU
		{021185AD-246F-484A-8E24-81284351AE18}.Debug|Any CPU.ActiveCfg = Debug|Any CPU
		{021185AD-246F-484A-8E24-81284351AE18}.Debug|Any CPU.Build.0 = Debug|Any CPU
		{021185AD-246F-484A-8E24-81284351AE18}.Debug|Mixed Platforms.ActiveCfg = Debug|Any CPU
		{021185AD-246F-484A-8E24-81284351AE18}.Debug|Mixed Platforms.Build.0 = Debug|Any CPU
		{021185AD-246F-484A-8E24-81284351AE18}.Release|.NET.ActiveCfg = Release|Any CPU
		{021185AD-246F-484A-8E24-81284351AE18}.Release|Any CPU.ActiveCfg = Release|Any CPU
		{021185AD-246F-484A-8E24-81284351AE18}.Release|Any CPU.Build.0 = Release|Any CPU
		{021185AD-246F-484A-8E24-81284351AE18}.Release|Mixed Platforms.ActiveCfg = Release|Any CPU
		{021185AD-246F-484A-8E24-81284351AE18}.Release|Mixed Platforms.Build.0 = Release|Any CPU
		{2A67853A-8FDA-4F0C-8AD2-4346C4A3F240}.Debug|.NET.ActiveCfg = Debug|Any CPU
		{2A67853A-8FDA-4F0C-8AD2-4346C4A3F240}.Debug|Any CPU.ActiveCfg = Debug|Any CPU
		{2A67853A-8FDA-4F0C-8AD2-4346C4A3F240}.Debug|Any CPU.Build.0 = Debug|Any CPU
		{2A67853A-8FDA-4F0C-8AD2-4346C4A3F240}.Debug|Mixed Platforms.ActiveCfg = Debug|Any CPU
		{2A67853A-8FDA-4F0C-8AD2-4346C4A3F240}.Debug|Mixed Platforms.Build.0 = Debug|Any CPU
		{2A67853A-8FDA-4F0C-8AD2-4346C4A3F240}.Release|.NET.ActiveCfg = Release|Any CPU
		{2A67853A-8FDA-4F0C-8AD2-4346C4A3F240}.Release|Any CPU.ActiveCfg = Release|Any CPU
		{2A67853A-8FDA-4F0C-8AD2-4346C4A3F240}.Release|Any CPU.Build.0 = Release|Any CPU
		{2A67853A-8FDA-4F0C-8AD2-4346C4A3F240}.Release|Mixed Platforms.ActiveCfg = Release|Any CPU
		{2A67853A-8FDA-4F0C-8AD2-4346C4A3F240}.Release|Mixed Platforms.Build.0 = Release|Any CPU
		{A95B10C6-902C-438C-9BF0-577DFC603A94}.Debug|.NET.ActiveCfg = Debug|Any CPU
		{A95B10C6-902C-438C-9BF0-577DFC603A94}.Debug|Any CPU.ActiveCfg = Debug|Any CPU
		{A95B10C6-902C-438C-9BF0-577DFC603A94}.Debug|Any CPU.Build.0 = Debug|Any CPU
		{A95B10C6-902C-438C-9BF0-577DFC603A94}.Debug|Mixed Platforms.ActiveCfg = Debug|Any CPU
		{A95B10C6-902C-438C-9BF0-577DFC603A94}.Debug|Mixed Platforms.Build.0 = Debug|Any CPU
		{A95B10C6-902C-438C-9BF0-577DFC603A94}.Release|.NET.ActiveCfg = Release|Any CPU
		{A95B10C6-902C-438C-9BF0-577DFC603A94}.Release|Any CPU.ActiveCfg = Release|Any CPU
		{A95B10C6-902C-438C-9BF0-577DFC603A94}.Release|Any CPU.Build.0 = Release|Any CPU
		{A95B10C6-902C-438C-9BF0-577DFC603A94}.Release|Mixed Platforms.ActiveCfg = Release|Any CPU
		{A95B10C6-902C-438C-9BF0-577DFC603A94}.Release|Mixed Platforms.Build.0 = Release|Any CPU
		{3BBA5E25-B0DE-4FE1-B2F1-712F5F51F9AF}.Debug|.NET.ActiveCfg = Debug|Any CPU
		{3BBA5E25-B0DE-4FE1-B2F1-712F5F51F9AF}.Debug|Any CPU.ActiveCfg = Debug|Any CPU
		{3BBA5E25-B0DE-4FE1-B2F1-712F5F51F9AF}.Debug|Any CPU.Build.0 = Debug|Any CPU
		{3BBA5E25-B0DE-4FE1-B2F1-712F5F51F9AF}.Debug|Mixed Platforms.ActiveCfg = Debug|Any CPU
		{3BBA5E25-B0DE-4FE1-B2F1-712F5F51F9AF}.Debug|Mixed Platforms.Build.0 = Debug|Any CPU
		{3BBA5E25-B0DE-4FE1-B2F1-712F5F51F9AF}.Release|.NET.ActiveCfg = Release|Any CPU
		{3BBA5E25-B0DE-4FE1-B2F1-712F5F51F9AF}.Release|Any CPU.ActiveCfg = Release|Any CPU
		{3BBA5E25-B0DE-4FE1-B2F1-712F5F51F9AF}.Release|Any CPU.Build.0 = Release|Any CPU
		{3BBA5E25-B0DE-4FE1-B2F1-712F5F51F9AF}.Release|Mixed Platforms.ActiveCfg = Release|Any CPU
		{3BBA5E25-B0DE-4FE1-B2F1-712F5F51F9AF}.Release|Mixed Platforms.Build.0 = Release|Any CPU
		{6751A989-DCA8-4839-977C-53C55149AB17}.Debug|.NET.ActiveCfg = Debug|Any CPU
		{6751A989-DCA8-4839-977C-53C55149AB17}.Debug|Any CPU.ActiveCfg = Debug|Any CPU
		{6751A989-DCA8-4839-977C-53C55149AB17}.Debug|Any CPU.Build.0 = Debug|Any CPU
		{6751A989-DCA8-4839-977C-53C55149AB17}.Debug|Mixed Platforms.ActiveCfg = Debug|Any CPU
		{6751A989-DCA8-4839-977C-53C55149AB17}.Debug|Mixed Platforms.Build.0 = Debug|Any CPU
		{6751A989-DCA8-4839-977C-53C55149AB17}.Release|.NET.ActiveCfg = Release|Any CPU
		{6751A989-DCA8-4839-977C-53C55149AB17}.Release|Any CPU.ActiveCfg = Release|Any CPU
		{6751A989-DCA8-4839-977C-53C55149AB17}.Release|Any CPU.Build.0 = Release|Any CPU
		{6751A989-DCA8-4839-977C-53C55149AB17}.Release|Mixed Platforms.ActiveCfg = Release|Any CPU
		{6751A989-DCA8-4839-977C-53C55149AB17}.Release|Mixed Platforms.Build.0 = Release|Any CPU
		{C17E4DEC-FF69-4562-BF5F-D5D951648340}.Debug|.NET.ActiveCfg = Debug|Any CPU
		{C17E4DEC-FF69-4562-BF5F-D5D951648340}.Debug|Any CPU.ActiveCfg = Debug|Any CPU
		{C17E4DEC-FF69-4562-BF5F-D5D951648340}.Debug|Any CPU.Build.0 = Debug|Any CPU
		{C17E4DEC-FF69-4562-BF5F-D5D951648340}.Debug|Mixed Platforms.ActiveCfg = Debug|Any CPU
		{C17E4DEC-FF69-4562-BF5F-D5D951648340}.Debug|Mixed Platforms.Build.0 = Debug|Any CPU
		{C17E4DEC-FF69-4562-BF5F-D5D951648340}.Release|.NET.ActiveCfg = Release|Any CPU
		{C17E4DEC-FF69-4562-BF5F-D5D951648340}.Release|Any CPU.ActiveCfg = Release|Any CPU
		{C17E4DEC-FF69-4562-BF5F-D5D951648340}.Release|Any CPU.Build.0 = Release|Any CPU
		{C17E4DEC-FF69-4562-BF5F-D5D951648340}.Release|Mixed Platforms.ActiveCfg = Release|Any CPU
		{C17E4DEC-FF69-4562-BF5F-D5D951648340}.Release|Mixed Platforms.Build.0 = Release|Any CPU
		{924900BE-DC4F-4435-B868-03FAB0956D27}.Debug|.NET.ActiveCfg = Debug|Any CPU
		{924900BE-DC4F-4435-B868-03FAB0956D27}.Debug|Any CPU.ActiveCfg = Debug|Any CPU
		{924900BE-DC4F-4435-B868-03FAB0956D27}.Debug|Any CPU.Build.0 = Debug|Any CPU
		{924900BE-DC4F-4435-B868-03FAB0956D27}.Debug|Mixed Platforms.ActiveCfg = Debug|Any CPU
		{924900BE-DC4F-4435-B868-03FAB0956D27}.Debug|Mixed Platforms.Build.0 = Debug|Any CPU
		{924900BE-DC4F-4435-B868-03FAB0956D27}.Release|.NET.ActiveCfg = Release|Any CPU
		{924900BE-DC4F-4435-B868-03FAB0956D27}.Release|Any CPU.ActiveCfg = Release|Any CPU
		{924900BE-DC4F-4435-B868-03FAB0956D27}.Release|Any CPU.Build.0 = Release|Any CPU
		{924900BE-DC4F-4435-B868-03FAB0956D27}.Release|Mixed Platforms.ActiveCfg = Release|Any CPU
		{924900BE-DC4F-4435-B868-03FAB0956D27}.Release|Mixed Platforms.Build.0 = Release|Any CPU
		{6506676C-A172-475E-8A46-54BCA23F4941}.Debug|.NET.ActiveCfg = Debug|Any CPU
		{6506676C-A172-475E-8A46-54BCA23F4941}.Debug|Any CPU.ActiveCfg = Debug|Any CPU
		{6506676C-A172-475E-8A46-54BCA23F4941}.Debug|Any CPU.Build.0 = Debug|Any CPU
		{6506676C-A172-475E-8A46-54BCA23F4941}.Debug|Mixed Platforms.ActiveCfg = Debug|Any CPU
		{6506676C-A172-475E-8A46-54BCA23F4941}.Debug|Mixed Platforms.Build.0 = Debug|Any CPU
		{6506676C-A172-475E-8A46-54BCA23F4941}.Release|.NET.ActiveCfg = Release|Any CPU
		{6506676C-A172-475E-8A46-54BCA23F4941}.Release|Any CPU.ActiveCfg = Release|Any CPU
		{6506676C-A172-475E-8A46-54BCA23F4941}.Release|Any CPU.Build.0 = Release|Any CPU
		{6506676C-A172-475E-8A46-54BCA23F4941}.Release|Mixed Platforms.ActiveCfg = Release|Any CPU
		{6506676C-A172-475E-8A46-54BCA23F4941}.Release|Mixed Platforms.Build.0 = Release|Any CPU
		{9DAB15F1-181D-4F65-9153-E691A5D1E5C0}.Debug|.NET.ActiveCfg = Debug|Any CPU
		{9DAB15F1-181D-4F65-9153-E691A5D1E5C0}.Debug|Any CPU.ActiveCfg = Debug|Any CPU
		{9DAB15F1-181D-4F65-9153-E691A5D1E5C0}.Debug|Any CPU.Build.0 = Debug|Any CPU
		{9DAB15F1-181D-4F65-9153-E691A5D1E5C0}.Debug|Mixed Platforms.ActiveCfg = Debug|Any CPU
		{9DAB15F1-181D-4F65-9153-E691A5D1E5C0}.Debug|Mixed Platforms.Build.0 = Debug|Any CPU
		{9DAB15F1-181D-4F65-9153-E691A5D1E5C0}.Release|.NET.ActiveCfg = Release|Any CPU
		{9DAB15F1-181D-4F65-9153-E691A5D1E5C0}.Release|Any CPU.ActiveCfg = Release|Any CPU
		{9DAB15F1-181D-4F65-9153-E691A5D1E5C0}.Release|Any CPU.Build.0 = Release|Any CPU
		{9DAB15F1-181D-4F65-9153-E691A5D1E5C0}.Release|Mixed Platforms.ActiveCfg = Release|Any CPU
		{9DAB15F1-181D-4F65-9153-E691A5D1E5C0}.Release|Mixed Platforms.Build.0 = Release|Any CPU
		{B7F58647-E35E-40B4-938B-C6634248FB9F}.Debug|.NET.ActiveCfg = Debug
		{B7F58647-E35E-40B4-938B-C6634248FB9F}.Debug|.NET.Build.0 = Debug
		{B7F58647-E35E-40B4-938B-C6634248FB9F}.Debug|Any CPU.ActiveCfg = Debug
		{B7F58647-E35E-40B4-938B-C6634248FB9F}.Debug|Mixed Platforms.ActiveCfg = Debug
		{B7F58647-E35E-40B4-938B-C6634248FB9F}.Debug|Mixed Platforms.Build.0 = Debug
		{B7F58647-E35E-40B4-938B-C6634248FB9F}.Release|.NET.ActiveCfg = Release
		{B7F58647-E35E-40B4-938B-C6634248FB9F}.Release|.NET.Build.0 = Release
		{B7F58647-E35E-40B4-938B-C6634248FB9F}.Release|Any CPU.ActiveCfg = Release
		{B7F58647-E35E-40B4-938B-C6634248FB9F}.Release|Mixed Platforms.ActiveCfg = Release
		{B7F58647-E35E-40B4-938B-C6634248FB9F}.Release|Mixed Platforms.Build.0 = Release
	EndGlobalSection
	GlobalSection(SolutionProperties) = preSolution
		HideSolutionNode = FALSE
	EndGlobalSection
	GlobalSection(ExtensibilityGlobals) = postSolution
		SolutionGuid = {716304C4-6298-4FF9-B814-79ADBAD5F2B8}
	EndGlobalSection
EndGlobal
