
Microsoft Visual Studio Solution File, Format Version 9.00
# Visual Studio 2005
Project("{FAE04EC0-301F-11D3-BF4B-00C04F79EFBC}") = "PCUOnline.Dao", "PCUOnline.Dao.csproj", "{6751A989-DCA8-4839-977C-53C55149AB17}"
EndProject
Global
	GlobalSection(SolutionConfigurationPlatforms) = preSolution
		Debug|Any CPU = Debug|Any CPU
		Release|Any CPU = Release|Any CPU
	EndGlobalSection
	GlobalSection(ProjectConfigurationPlatforms) = postSolution
		{6751A989-DCA8-4839-977C-53C55149AB17}.Debug|Any CPU.ActiveCfg = Debug|Any CPU
		{6751A989-DCA8-4839-977C-53C55149AB17}.Debug|Any CPU.Build.0 = Debug|Any CPU
		{6751A989-DCA8-4839-977C-53C55149AB17}.Release|Any CPU.ActiveCfg = Release|Any CPU
		{6751A989-DCA8-4839-977C-53C55149AB17}.Release|Any CPU.Build.0 = Release|Any CPU
	EndGlobalSection
	GlobalSection(SolutionProperties) = preSolution
		HideSolutionNode = FALSE
	EndGlobalSection
EndGlobal
